
Microsoft Visual Studio Solution File, Format Version 12.00
# Visual Studio Version 16
VisualStudioVersion = 16.0.29102.190
MinimumVisualStudioVersion = 10.0.40219.1
Project("{9A19103F-16F7-4668-BE54-9A1E7A4F7556}") = "coworkingApp", "coworkingApp.csproj", "{3BDF6C35-9ADC-477E-8708-F3E19EEDCAFF}"
EndProject
Project("{2150E333-8FDC-42A3-9474-1A3956D46DE8}") = "1 - Layers", "1 - Layers", "{1A8D4899-2DC1-4675-A746-A0EFD3C9894E}"
EndProject
Project("{2150E333-8FDC-42A3-9474-1A3956D46DE8}") = "1.1 Distributed Services", "1.1 Distributed Services", "{2FD7F966-3E55-4C9E-B9F7-2D204BD066F2}"
EndProject
Project("{2150E333-8FDC-42A3-9474-1A3956D46DE8}") = "1.2 Aplicacion", "1.2 Aplicacion", "{3433238A-A68D-49B7-9FB0-48062D3D7367}"
EndProject
Project("{9A19103F-16F7-4668-BE54-9A1E7A4F7556}") = "Coworking.Aplication", "..\Coworking.Aplication\Coworking.Aplication.csproj", "{FC675AF8-26F8-4909-AC6C-7A235DE0DC5D}"
EndProject
Project("{9A19103F-16F7-4668-BE54-9A1E7A4F7556}") = "Coworking.Alication.Contracts", "..\Coworking.Alication.Contracts\Coworking.Alication.Contracts.csproj", "{B8F1CC30-9B75-4BD1-AC53-A215B06A60DF}"
EndProject
Project("{FAE04EC0-301F-11D3-BF4B-00C04F79EFBC}") = "Coworking.Aplication.Tests", "..\Coworking.Aplication.Tests\Coworking.Aplication.Tests.csproj", "{22DA3042-9C94-4BB9-A9B2-4DE95D145C2A}"
EndProject
Project("{2150E333-8FDC-42A3-9474-1A3956D46DE8}") = "1.3 Business", "1.3 Business", "{33663246-C4C0-466A-8F59-E51C578D333F}"
EndProject
Project("{FAE04EC0-301F-11D3-BF4B-00C04F79EFBC}") = "Coworking.Business", "..\Coworking.Business\Coworking.Business.csproj", "{C8DE6DF5-2285-4C10-A5CF-7E8E15957D7E}"
EndProject
Project("{2150E333-8FDC-42A3-9474-1A3956D46DE8}") = "1.4 DataAccess", "1.4 DataAccess", "{BED091ED-135F-4B03-B14F-308A2E6FC5E6}"
EndProject
Project("{FAE04EC0-301F-11D3-BF4B-00C04F79EFBC}") = "Coworking.DataAccess", "..\Coworking.DataAccess\Coworking.DataAccess.csproj", "{6E6219F1-3F59-4F2C-8C9B-7DE04C1588FB}"
EndProject
Project("{FAE04EC0-301F-11D3-BF4B-00C04F79EFBC}") = "Coworking.DataAccesContracts", "..\Coworking.DataAccesContracts\Coworking.DataAccesContracts.csproj", "{75FE21D5-FBD6-4C14-A77B-9558CAB97476}"
EndProject
Project("{2150E333-8FDC-42A3-9474-1A3956D46DE8}") = "1.5 Cross-Cutting", "1.5 Cross-Cutting", "{D230DDEB-2FC5-47F0-AD9B-9BFFBFCB7802}"
EndProject
Project("{FAE04EC0-301F-11D3-BF4B-00C04F79EFBC}") = "Coworking.CrossCutting", "..\Coworking.CrossCutting\Coworking.CrossCutting.csproj", "{62928E73-D6CE-47AB-8199-82A57338A455}"
EndProject
Project("{2150E333-8FDC-42A3-9474-1A3956D46DE8}") = "Models", "Models", "{AC49E298-E4F1-45C6-A7D6-9434300A01E7}"
EndProject
Global
	GlobalSection(SolutionConfigurationPlatforms) = preSolution
		Debug|Any CPU = Debug|Any CPU
		Release|Any CPU = Release|Any CPU
	EndGlobalSection
	GlobalSection(ProjectConfigurationPlatforms) = postSolution
		{3BDF6C35-9ADC-477E-8708-F3E19EEDCAFF}.Debug|Any CPU.ActiveCfg = Debug|Any CPU
		{3BDF6C35-9ADC-477E-8708-F3E19EEDCAFF}.Debug|Any CPU.Build.0 = Debug|Any CPU
		{3BDF6C35-9ADC-477E-8708-F3E19EEDCAFF}.Release|Any CPU.ActiveCfg = Release|Any CPU
		{3BDF6C35-9ADC-477E-8708-F3E19EEDCAFF}.Release|Any CPU.Build.0 = Release|Any CPU
		{FC675AF8-26F8-4909-AC6C-7A235DE0DC5D}.Debug|Any CPU.ActiveCfg = Debug|Any CPU
		{FC675AF8-26F8-4909-AC6C-7A235DE0DC5D}.Debug|Any CPU.Build.0 = Debug|Any CPU
		{FC675AF8-26F8-4909-AC6C-7A235DE0DC5D}.Release|Any CPU.ActiveCfg = Release|Any CPU
		{FC675AF8-26F8-4909-AC6C-7A235DE0DC5D}.Release|Any CPU.Build.0 = Release|Any CPU
		{B8F1CC30-9B75-4BD1-AC53-A215B06A60DF}.Debug|Any CPU.ActiveCfg = Debug|Any CPU
		{B8F1CC30-9B75-4BD1-AC53-A215B06A60DF}.Debug|Any CPU.Build.0 = Debug|Any CPU
		{B8F1CC30-9B75-4BD1-AC53-A215B06A60DF}.Release|Any CPU.ActiveCfg = Release|Any CPU
		{B8F1CC30-9B75-4BD1-AC53-A215B06A60DF}.Release|Any CPU.Build.0 = Release|Any CPU
		{22DA3042-9C94-4BB9-A9B2-4DE95D145C2A}.Debug|Any CPU.ActiveCfg = Debug|Any CPU
		{22DA3042-9C94-4BB9-A9B2-4DE95D145C2A}.Debug|Any CPU.Build.0 = Debug|Any CPU
		{22DA3042-9C94-4BB9-A9B2-4DE95D145C2A}.Release|Any CPU.ActiveCfg = Release|Any CPU
		{22DA3042-9C94-4BB9-A9B2-4DE95D145C2A}.Release|Any CPU.Build.0 = Release|Any CPU
		{C8DE6DF5-2285-4C10-A5CF-7E8E15957D7E}.Debug|Any CPU.ActiveCfg = Debug|Any CPU
		{C8DE6DF5-2285-4C10-A5CF-7E8E15957D7E}.Debug|Any CPU.Build.0 = Debug|Any CPU
		{C8DE6DF5-2285-4C10-A5CF-7E8E15957D7E}.Release|Any CPU.ActiveCfg = Release|Any CPU
		{C8DE6DF5-2285-4C10-A5CF-7E8E15957D7E}.Release|Any CPU.Build.0 = Release|Any CPU
		{6E6219F1-3F59-4F2C-8C9B-7DE04C1588FB}.Debug|Any CPU.ActiveCfg = Debug|Any CPU
		{6E6219F1-3F59-4F2C-8C9B-7DE04C1588FB}.Debug|Any CPU.Build.0 = Debug|Any CPU
		{6E6219F1-3F59-4F2C-8C9B-7DE04C1588FB}.Release|Any CPU.ActiveCfg = Release|Any CPU
		{6E6219F1-3F59-4F2C-8C9B-7DE04C1588FB}.Release|Any CPU.Build.0 = Release|Any CPU
		{75FE21D5-FBD6-4C14-A77B-9558CAB97476}.Debug|Any CPU.ActiveCfg = Debug|Any CPU
		{75FE21D5-FBD6-4C14-A77B-9558CAB97476}.Debug|Any CPU.Build.0 = Debug|Any CPU
		{75FE21D5-FBD6-4C14-A77B-9558CAB97476}.Release|Any CPU.ActiveCfg = Release|Any CPU
		{75FE21D5-FBD6-4C14-A77B-9558CAB97476}.Release|Any CPU.Build.0 = Release|Any CPU
		{62928E73-D6CE-47AB-8199-82A57338A455}.Debug|Any CPU.ActiveCfg = Debug|Any CPU
		{62928E73-D6CE-47AB-8199-82A57338A455}.Debug|Any CPU.Build.0 = Debug|Any CPU
		{62928E73-D6CE-47AB-8199-82A57338A455}.Release|Any CPU.ActiveCfg = Release|Any CPU
		{62928E73-D6CE-47AB-8199-82A57338A455}.Release|Any CPU.Build.0 = Release|Any CPU
	EndGlobalSection
	GlobalSection(SolutionProperties) = preSolution
		HideSolutionNode = FALSE
	EndGlobalSection
	GlobalSection(NestedProjects) = preSolution
		{3BDF6C35-9ADC-477E-8708-F3E19EEDCAFF} = {2FD7F966-3E55-4C9E-B9F7-2D204BD066F2}
		{2FD7F966-3E55-4C9E-B9F7-2D204BD066F2} = {1A8D4899-2DC1-4675-A746-A0EFD3C9894E}
		{3433238A-A68D-49B7-9FB0-48062D3D7367} = {1A8D4899-2DC1-4675-A746-A0EFD3C9894E}
		{FC675AF8-26F8-4909-AC6C-7A235DE0DC5D} = {3433238A-A68D-49B7-9FB0-48062D3D7367}
		{B8F1CC30-9B75-4BD1-AC53-A215B06A60DF} = {3433238A-A68D-49B7-9FB0-48062D3D7367}
		{22DA3042-9C94-4BB9-A9B2-4DE95D145C2A} = {3433238A-A68D-49B7-9FB0-48062D3D7367}
		{33663246-C4C0-466A-8F59-E51C578D333F} = {1A8D4899-2DC1-4675-A746-A0EFD3C9894E}
		{C8DE6DF5-2285-4C10-A5CF-7E8E15957D7E} = {33663246-C4C0-466A-8F59-E51C578D333F}
		{BED091ED-135F-4B03-B14F-308A2E6FC5E6} = {1A8D4899-2DC1-4675-A746-A0EFD3C9894E}
		{6E6219F1-3F59-4F2C-8C9B-7DE04C1588FB} = {BED091ED-135F-4B03-B14F-308A2E6FC5E6}
		{75FE21D5-FBD6-4C14-A77B-9558CAB97476} = {BED091ED-135F-4B03-B14F-308A2E6FC5E6}
		{D230DDEB-2FC5-47F0-AD9B-9BFFBFCB7802} = {1A8D4899-2DC1-4675-A746-A0EFD3C9894E}
		{62928E73-D6CE-47AB-8199-82A57338A455} = {D230DDEB-2FC5-47F0-AD9B-9BFFBFCB7802}
		{AC49E298-E4F1-45C6-A7D6-9434300A01E7} = {33663246-C4C0-466A-8F59-E51C578D333F}
	EndGlobalSection
	GlobalSection(ExtensibilityGlobals) = postSolution
		SolutionGuid = {17DF6679-0531-41E1-886F-539EC3FB7262}
	EndGlobalSection
EndGlobal
